
Microsoft Visual Studio Solution File, Format Version 11.00
# Visual Studio 2010
Project("{FAE04EC0-301F-11D3-BF4B-00C04F79EFBC}") = "X2TL", "X2TL\X2TL.csproj", "{0D51C69F-DD06-41FC-9DEA-E2CB0BD16CA1}"
EndProject
Project("{FAE04EC0-301F-11D3-BF4B-00C04F79EFBC}") = "X2TL_UnitTesting", "X2TL_UnitTesting\X2TL_UnitTesting.csproj", "{5F5A63E7-8754-4894-ACEF-60F2F5975C4C}"
EndProject
Global
	GlobalSection(SolutionConfigurationPlatforms) = preSolution
		Debug|Any CPU = Debug|Any CPU
		Release|Any CPU = Release|Any CPU
	EndGlobalSection
	GlobalSection(ProjectConfigurationPlatforms) = postSolution
		{0D51C69F-DD06-41FC-9DEA-E2CB0BD16CA1}.Debug|Any CPU.ActiveCfg = Debug|Any CPU
		{0D51C69F-DD06-41FC-9DEA-E2CB0BD16CA1}.Debug|Any CPU.Build.0 = Debug|Any CPU
		{0D51C69F-DD06-41FC-9DEA-E2CB0BD16CA1}.Release|Any CPU.ActiveCfg = Release|Any CPU
		{0D51C69F-DD06-41FC-9DEA-E2CB0BD16CA1}.Release|Any CPU.Build.0 = Release|Any CPU
		{5F5A63E7-8754-4894-ACEF-60F2F5975C4C}.Debug|Any CPU.ActiveCfg = Debug|Any CPU
		{5F5A63E7-8754-4894-ACEF-60F2F5975C4C}.Debug|Any CPU.Build.0 = Debug|Any CPU
		{5F5A63E7-8754-4894-ACEF-60F2F5975C4C}.Release|Any CPU.ActiveCfg = Release|Any CPU
		{5F5A63E7-8754-4894-ACEF-60F2F5975C4C}.Release|Any CPU.Build.0 = Release|Any CPU
	EndGlobalSection
	GlobalSection(SolutionProperties) = preSolution
		HideSolutionNode = FALSE
	EndGlobalSection
EndGlobal
